
Microsoft Visual Studio Solution File, Format Version 12.00
# Visual Studio Version 17
VisualStudioVersion = 17.3.32929.385
MinimumVisualStudioVersion = 10.0.40219.1
Project("{FAE04EC0-301F-11D3-BF4B-00C04F79EFBC}") = "BlogUpvotes", "BlogUpvotes\BlogUpvotes.csproj", "{503C354B-B3E9-480C-AB2C-A7AF20A599E7}"
EndProject
Global
	GlobalSection(SolutionConfigurationPlatforms) = preSolution
		Debug|Any CPU = Debug|Any CPU
		Release|Any CPU = Release|Any CPU
	EndGlobalSection
	GlobalSection(ProjectConfigurationPlatforms) = postSolution
		{503C354B-B3E9-480C-AB2C-A7AF20A599E7}.Debug|Any CPU.ActiveCfg = Debug|Any CPU
		{503C354B-B3E9-480C-AB2C-A7AF20A599E7}.Debug|Any CPU.Build.0 = Debug|Any CPU
		{503C354B-B3E9-480C-AB2C-A7AF20A599E7}.Release|Any CPU.ActiveCfg = Release|Any CPU
		{503C354B-B3E9-480C-AB2C-A7AF20A599E7}.Release|Any CPU.Build.0 = Release|Any CPU
	EndGlobalSection
	GlobalSection(SolutionProperties) = preSolution
		HideSolutionNode = FALSE
	EndGlobalSection
	GlobalSection(ExtensibilityGlobals) = postSolution
		SolutionGuid = {5870BE70-9ABC-4BB4-941B-8F0BCC8E17B1}
	EndGlobalSection
EndGlobal
