
Microsoft Visual Studio Solution File, Format Version 12.00
# Visual Studio Version 17
VisualStudioVersion = 17.3.32929.385
MinimumVisualStudioVersion = 10.0.40219.1
Project("{9A19103F-16F7-4668-BE54-9A1E7A4F7556}") = "BlogUpvotes", "BlogUpvotes\BlogUpvotes.csproj", "{503C354B-B3E9-480C-AB2C-A7AF20A599E7}"
EndProject
Project("{2150E333-8FDC-42A3-9474-1A3956D46DE8}") = "samples", "samples", "{17580629-32D6-4DBD-8A38-C17BA876E38B}"
EndProject
Project("{2150E333-8FDC-42A3-9474-1A3956D46DE8}") = "javascript-client", "javascript-client", "{FA175872-4BC0-4E3C-9695-38641F990D4E}"
	ProjectSection(SolutionItems) = preProject
		client.html = client.html
	EndProjectSection
EndProject
Global
	GlobalSection(SolutionConfigurationPlatforms) = preSolution
		Debug|Any CPU = Debug|Any CPU
		Release|Any CPU = Release|Any CPU
	EndGlobalSection
	GlobalSection(ProjectConfigurationPlatforms) = postSolution
		{503C354B-B3E9-480C-AB2C-A7AF20A599E7}.Debug|Any CPU.ActiveCfg = Debug|Any CPU
		{503C354B-B3E9-480C-AB2C-A7AF20A599E7}.Debug|Any CPU.Build.0 = Debug|Any CPU
		{503C354B-B3E9-480C-AB2C-A7AF20A599E7}.Release|Any CPU.ActiveCfg = Release|Any CPU
		{503C354B-B3E9-480C-AB2C-A7AF20A599E7}.Release|Any CPU.Build.0 = Release|Any CPU
	EndGlobalSection
	GlobalSection(SolutionProperties) = preSolution
		HideSolutionNode = FALSE
	EndGlobalSection
	GlobalSection(NestedProjects) = preSolution
		{FA175872-4BC0-4E3C-9695-38641F990D4E} = {17580629-32D6-4DBD-8A38-C17BA876E38B}
	EndGlobalSection
	GlobalSection(ExtensibilityGlobals) = postSolution
		SolutionGuid = {5870BE70-9ABC-4BB4-941B-8F0BCC8E17B1}
	EndGlobalSection
EndGlobal
